
Microsoft Visual Studio Solution File, Format Version 12.00
# Visual Studio Version 16
VisualStudioVersion = 16.0.30330.147
MinimumVisualStudioVersion = 10.0.40219.1
Project("{8BC9CEB8-8B4A-11D0-8D11-00A0C91BC942}") = "061", "061\061.vcxproj", "{95322B39-2451-4A38-8FD7-2DF9650B304C}"
EndProject
Global
	GlobalSection(SolutionConfigurationPlatforms) = preSolution
		Debug|x64 = Debug|x64
		Debug|x86 = Debug|x86
		Release|x64 = Release|x64
		Release|x86 = Release|x86
	EndGlobalSection
	GlobalSection(ProjectConfigurationPlatforms) = postSolution
		{95322B39-2451-4A38-8FD7-2DF9650B304C}.Debug|x64.ActiveCfg = Debug|x64
		{95322B39-2451-4A38-8FD7-2DF9650B304C}.Debug|x64.Build.0 = Debug|x64
		{95322B39-2451-4A38-8FD7-2DF9650B304C}.Debug|x86.ActiveCfg = Debug|Win32
		{95322B39-2451-4A38-8FD7-2DF9650B304C}.Debug|x86.Build.0 = Debug|Win32
		{95322B39-2451-4A38-8FD7-2DF9650B304C}.Release|x64.ActiveCfg = Release|x64
		{95322B39-2451-4A38-8FD7-2DF9650B304C}.Release|x64.Build.0 = Release|x64
		{95322B39-2451-4A38-8FD7-2DF9650B304C}.Release|x86.ActiveCfg = Release|Win32
		{95322B39-2451-4A38-8FD7-2DF9650B304C}.Release|x86.Build.0 = Release|Win32
	EndGlobalSection
	GlobalSection(SolutionProperties) = preSolution
		HideSolutionNode = FALSE
	EndGlobalSection
	GlobalSection(ExtensibilityGlobals) = postSolution
		SolutionGuid = {2C5EB2F9-A9E5-42F1-ACCF-818D65DAE99E}
	EndGlobalSection
EndGlobal
